
Microsoft Visual Studio Solution File, Format Version 12.00
# Visual Studio 15
VisualStudioVersion = 15.0.26124.0
MinimumVisualStudioVersion = 15.0.26124.0
Project("{2150E333-8FDC-42A3-9474-1A3956D46DE8}") = "src", "src", "{A034FE1D-8F61-49AA-8581-9EF70926AB61}"
EndProject
Project("{FAE04EC0-301F-11D3-BF4B-00C04F79EFBC}") = "SimpleAPI", "src\SimpleAPI\SimpleAPI.csproj", "{0F06F0B8-EC66-4454-BAB4-F952FBBFD5B5}"
EndProject
Project("{2150E333-8FDC-42A3-9474-1A3956D46DE8}") = "test", "test", "{44DC0E77-B61E-4348-86AA-BE01A8011BC9}"
EndProject
Project("{FAE04EC0-301F-11D3-BF4B-00C04F79EFBC}") = "SimpleAPI.Test", "test\SimpleAPI.Test\SimpleAPI.Test.csproj", "{D62B1A55-CA96-4974-AE1E-4BDD0FAB86C0}"
EndProject
Global
	GlobalSection(SolutionConfigurationPlatforms) = preSolution
		Debug|Any CPU = Debug|Any CPU
		Debug|x64 = Debug|x64
		Debug|x86 = Debug|x86
		Release|Any CPU = Release|Any CPU
		Release|x64 = Release|x64
		Release|x86 = Release|x86
	EndGlobalSection
	GlobalSection(SolutionProperties) = preSolution
		HideSolutionNode = FALSE
	EndGlobalSection
	GlobalSection(ProjectConfigurationPlatforms) = postSolution
		{0F06F0B8-EC66-4454-BAB4-F952FBBFD5B5}.Debug|Any CPU.ActiveCfg = Debug|Any CPU
		{0F06F0B8-EC66-4454-BAB4-F952FBBFD5B5}.Debug|Any CPU.Build.0 = Debug|Any CPU
		{0F06F0B8-EC66-4454-BAB4-F952FBBFD5B5}.Debug|x64.ActiveCfg = Debug|Any CPU
		{0F06F0B8-EC66-4454-BAB4-F952FBBFD5B5}.Debug|x64.Build.0 = Debug|Any CPU
		{0F06F0B8-EC66-4454-BAB4-F952FBBFD5B5}.Debug|x86.ActiveCfg = Debug|Any CPU
		{0F06F0B8-EC66-4454-BAB4-F952FBBFD5B5}.Debug|x86.Build.0 = Debug|Any CPU
		{0F06F0B8-EC66-4454-BAB4-F952FBBFD5B5}.Release|Any CPU.ActiveCfg = Release|Any CPU
		{0F06F0B8-EC66-4454-BAB4-F952FBBFD5B5}.Release|Any CPU.Build.0 = Release|Any CPU
		{0F06F0B8-EC66-4454-BAB4-F952FBBFD5B5}.Release|x64.ActiveCfg = Release|Any CPU
		{0F06F0B8-EC66-4454-BAB4-F952FBBFD5B5}.Release|x64.Build.0 = Release|Any CPU
		{0F06F0B8-EC66-4454-BAB4-F952FBBFD5B5}.Release|x86.ActiveCfg = Release|Any CPU
		{0F06F0B8-EC66-4454-BAB4-F952FBBFD5B5}.Release|x86.Build.0 = Release|Any CPU
		{D62B1A55-CA96-4974-AE1E-4BDD0FAB86C0}.Debug|Any CPU.ActiveCfg = Debug|Any CPU
		{D62B1A55-CA96-4974-AE1E-4BDD0FAB86C0}.Debug|Any CPU.Build.0 = Debug|Any CPU
		{D62B1A55-CA96-4974-AE1E-4BDD0FAB86C0}.Debug|x64.ActiveCfg = Debug|Any CPU
		{D62B1A55-CA96-4974-AE1E-4BDD0FAB86C0}.Debug|x64.Build.0 = Debug|Any CPU
		{D62B1A55-CA96-4974-AE1E-4BDD0FAB86C0}.Debug|x86.ActiveCfg = Debug|Any CPU
		{D62B1A55-CA96-4974-AE1E-4BDD0FAB86C0}.Debug|x86.Build.0 = Debug|Any CPU
		{D62B1A55-CA96-4974-AE1E-4BDD0FAB86C0}.Release|Any CPU.ActiveCfg = Release|Any CPU
		{D62B1A55-CA96-4974-AE1E-4BDD0FAB86C0}.Release|Any CPU.Build.0 = Release|Any CPU
		{D62B1A55-CA96-4974-AE1E-4BDD0FAB86C0}.Release|x64.ActiveCfg = Release|Any CPU
		{D62B1A55-CA96-4974-AE1E-4BDD0FAB86C0}.Release|x64.Build.0 = Release|Any CPU
		{D62B1A55-CA96-4974-AE1E-4BDD0FAB86C0}.Release|x86.ActiveCfg = Release|Any CPU
		{D62B1A55-CA96-4974-AE1E-4BDD0FAB86C0}.Release|x86.Build.0 = Release|Any CPU
	EndGlobalSection
	GlobalSection(NestedProjects) = preSolution
		{0F06F0B8-EC66-4454-BAB4-F952FBBFD5B5} = {A034FE1D-8F61-49AA-8581-9EF70926AB61}
		{D62B1A55-CA96-4974-AE1E-4BDD0FAB86C0} = {44DC0E77-B61E-4348-86AA-BE01A8011BC9}
	EndGlobalSection
EndGlobal
